
Microsoft Visual Studio Solution File, Format Version 11.00
# Visual Studio 2010
# SharpDevelop 4.4
Project("{FAE04EC0-301F-11D3-BF4B-00C04F79EFBC}") = "SerialSLIP", "SerialSLIP\SerialSLIP.csproj", "{1BAAEC5D-4B2B-43DE-A682-AFA3F26C441B}"
EndProject
Project("{FAE04EC0-301F-11D3-BF4B-00C04F79EFBC}") = "test", "test\test.csproj", "{D3613CC9-284A-4EA0-AE80-41B30616413E}"
EndProject
Global
	GlobalSection(SolutionConfigurationPlatforms) = preSolution
		Debug|Any CPU = Debug|Any CPU
		Release|Any CPU = Release|Any CPU
	EndGlobalSection
	GlobalSection(ProjectConfigurationPlatforms) = postSolution
		{1BAAEC5D-4B2B-43DE-A682-AFA3F26C441B}.Debug|Any CPU.Build.0 = Debug|Any CPU
		{1BAAEC5D-4B2B-43DE-A682-AFA3F26C441B}.Debug|Any CPU.ActiveCfg = Debug|Any CPU
		{1BAAEC5D-4B2B-43DE-A682-AFA3F26C441B}.Release|Any CPU.Build.0 = Release|Any CPU
		{1BAAEC5D-4B2B-43DE-A682-AFA3F26C441B}.Release|Any CPU.ActiveCfg = Release|Any CPU
		{D3613CC9-284A-4EA0-AE80-41B30616413E}.Debug|Any CPU.Build.0 = Debug|Any CPU
		{D3613CC9-284A-4EA0-AE80-41B30616413E}.Debug|Any CPU.ActiveCfg = Debug|Any CPU
		{D3613CC9-284A-4EA0-AE80-41B30616413E}.Release|Any CPU.Build.0 = Release|Any CPU
		{D3613CC9-284A-4EA0-AE80-41B30616413E}.Release|Any CPU.ActiveCfg = Release|Any CPU
	EndGlobalSection
EndGlobal
